
Microsoft Visual Studio Solution File, Format Version 12.00
# Visual Studio Version 17
VisualStudioVersion = 17.7.34221.43
MinimumVisualStudioVersion = 10.0.40219.1
Project("{FAE04EC0-301F-11D3-BF4B-00C04F79EFBC}") = "Device", "Device\Device.csproj", "{82D31C88-9D44-4E2F-8043-E09E78A4B567}"
EndProject
Project("{FAE04EC0-301F-11D3-BF4B-00C04F79EFBC}") = "Human", "Human\Human.csproj", "{B60EDCE4-CFFC-4105-8D7F-646F8E4867F5}"
EndProject
Global
	GlobalSection(SolutionConfigurationPlatforms) = preSolution
		Debug|Any CPU = Debug|Any CPU
		Release|Any CPU = Release|Any CPU
	EndGlobalSection
	GlobalSection(ProjectConfigurationPlatforms) = postSolution
		{82D31C88-9D44-4E2F-8043-E09E78A4B567}.Debug|Any CPU.ActiveCfg = Debug|Any CPU
		{82D31C88-9D44-4E2F-8043-E09E78A4B567}.Debug|Any CPU.Build.0 = Debug|Any CPU
		{82D31C88-9D44-4E2F-8043-E09E78A4B567}.Release|Any CPU.ActiveCfg = Release|Any CPU
		{82D31C88-9D44-4E2F-8043-E09E78A4B567}.Release|Any CPU.Build.0 = Release|Any CPU
		{B60EDCE4-CFFC-4105-8D7F-646F8E4867F5}.Debug|Any CPU.ActiveCfg = Debug|Any CPU
		{B60EDCE4-CFFC-4105-8D7F-646F8E4867F5}.Debug|Any CPU.Build.0 = Debug|Any CPU
		{B60EDCE4-CFFC-4105-8D7F-646F8E4867F5}.Release|Any CPU.ActiveCfg = Release|Any CPU
		{B60EDCE4-CFFC-4105-8D7F-646F8E4867F5}.Release|Any CPU.Build.0 = Release|Any CPU
	EndGlobalSection
	GlobalSection(SolutionProperties) = preSolution
		HideSolutionNode = FALSE
	EndGlobalSection
	GlobalSection(ExtensibilityGlobals) = postSolution
		SolutionGuid = {812882A7-B340-4BF7-9B94-92A073A55299}
	EndGlobalSection
EndGlobal
